{
    "hash": "cf87be8fdd7239cbc94f5bcc2af97487",
    "packages": [
        {
            "name": "monolog/monolog",
            "version": "dev-master",
            "source": {
                "type": "git",
                "url": "https://github.com/Seldaek/monolog",
                "reference": "546225bed27bea7d00b836e0f7d8954272e0cf42"
            },
            "dist": {
                "type": "zip",
                "url": "https://github.com/Seldaek/monolog/archive/546225bed27bea7d00b836e0f7d8954272e0cf42.zip",
                "reference": "546225bed27bea7d00b836e0f7d8954272e0cf42",
                "shasum": ""
            },
            "require": {
                "php": ">=5.3.0"
            },
            "require-dev": {
                "mlehner/gelf-php": "1.0.*"
            },
            "suggest": {
                "mlehner/gelf-php": "Allow sending log messages to a GrayLog2 server",
                "ext-amqp": "Allow sending log messages to an AMQP server (1.0+ required)",
                "ext-mongo": "Allow sending log messages to a MongoDB server"
            },
            "time": "2012-12-04 11:59:29",
            "type": "library",
            "extra": {
                "branch-alias": {
                    "dev-master": "1.3.x-dev"
                }
            },
            "installation-source": "source",
            "autoload": {
                "psr-0": {
                    "Monolog": "src/"
                }
            },
            "notification-url": "https://packagist.org/downloads/",
            "license": [
                "MIT"
            ],
            "authors": [
                {
                    "name": "Jordi Boggiano",
                    "email": "j.boggiano@seld.be",
                    "homepage": "http://seld.be",
                    "role": "Developer"
                }
            ],
            "description": "Logging for PHP 5.3",
            "homepage": "http://github.com/Seldaek/monolog",
            "keywords": [
                "log",
                "logging"
            ]
        },
        {
            "name": "nerdsrescueme/core",
            "version": "dev-master",
            "target-dir": "Nerd",
            "source": {
                "type": "git",
                "url": "https://github.com/nerdsrescueme/DI.git",
                "reference": "a3b6f6a549a3c90aa9dd59c4f2305bfd6baf789e"
            },
            "dist": {
                "type": "zip",
                "url": "https://api.github.com/repos/nerdsrescueme/DI/zipball/a3b6f6a549a3c90aa9dd59c4f2305bfd6baf789e",
                "reference": "a3b6f6a549a3c90aa9dd59c4f2305bfd6baf789e",
                "shasum": ""
            },
            "time": "2012-12-07 21:06:17",
            "type": "library",
            "installation-source": "source",
            "autoload": {
                "psr-0": {
                    "Nerd\\Core\\": ""
                }
            },
            "authors": [
                {
                    "name": "Frank Bardon Jr",
                    "email": "frankbardon@gmail.com"
                }
            ],
            "description": "Nerd Core Library",
            "support": {
                "source": "https://github.com/nerdsrescueme/DI/tree/master",
                "issues": "https://github.com/nerdsrescueme/DI/issues"
            }
        },
        {
            "name": "nerdsrescueme/view",
            "version": "dev-master",
            "target-dir": "Nerd",
            "source": {
                "type": "git",
                "url": "https://github.com/nerdsrescueme/DI-View.git",
                "reference": "1874f9879ca2467280a44f33aa354e6f9e8f08b6"
            },
            "dist": {
                "type": "zip",
                "url": "https://api.github.com/repos/nerdsrescueme/DI-View/zipball/1874f9879ca2467280a44f33aa354e6f9e8f08b6",
                "reference": "1874f9879ca2467280a44f33aa354e6f9e8f08b6",
                "shasum": ""
            },
            "time": "2012-12-10 20:03:50",
            "type": "library",
            "installation-source": "source",
            "autoload": {
                "psr-0": {
                    "Nerd\\View\\": ""
                }
            },
            "authors": [
                {
                    "name": "Frank Bardon Jr",
                    "email": "frankbardon@gmail.com"
                }
            ],
            "description": "Nerd View component",
            "support": {
                "source": "https://github.com/nerdsrescueme/DI-View/tree/master",
                "issues": "https://github.com/nerdsrescueme/DI-View/issues"
            }
        },
        {
            "name": "swiftmailer/swiftmailer",
            "version": "dev-master",
            "source": {
                "type": "git",
                "url": "git://github.com/swiftmailer/swiftmailer.git",
                "reference": "b23725eb3711d05e8708bd6f63e59c7268bee9ce"
            },
            "dist": {
                "type": "zip",
                "url": "https://github.com/swiftmailer/swiftmailer/archive/b23725eb3711d05e8708bd6f63e59c7268bee9ce.zip",
                "reference": "b23725eb3711d05e8708bd6f63e59c7268bee9ce",
                "shasum": ""
            },
            "require": {
                "php": ">=5.2.4"
            },
            "time": "2012-11-27 08:48:40",
            "type": "library",
            "extra": {
                "branch-alias": {
                    "dev-master": "4.3-dev"
                }
            },
            "installation-source": "source",
            "autoload": {
                "files": [
                    "lib/swift_required.php"
                ]
            },
            "notification-url": "https://packagist.org/downloads/",
            "license": [
                "LGPL"
            ],
            "authors": [
                {
                    "name": "Fabien Potencier",
                    "email": "fabien@symfony.com"
                },
                {
                    "name": "Chris Corbyn"
                }
            ],
            "description": "Swiftmailer, free feature-rich PHP mailer",
            "homepage": "http://swiftmailer.org",
            "keywords": [
                "mail",
                "mailer"
            ]
        },
        {
            "name": "symfony/http-foundation",
            "version": "dev-master",
            "target-dir": "Symfony/Component/HttpFoundation",
            "source": {
                "type": "git",
                "url": "https://github.com/symfony/HttpFoundation",
                "reference": "0acee754b149537dd90ae1e97508e8767802811b"
            },
            "dist": {
                "type": "zip",
                "url": "https://github.com/symfony/HttpFoundation/archive/0acee754b149537dd90ae1e97508e8767802811b.zip",
                "reference": "0acee754b149537dd90ae1e97508e8767802811b",
                "shasum": ""
            },
            "require": {
                "php": ">=5.3.3"
            },
            "time": "2012-12-07 09:33:24",
            "type": "library",
            "extra": {
                "branch-alias": {
                    "dev-master": "2.2-dev"
                }
            },
            "installation-source": "source",
            "autoload": {
                "psr-0": {
                    "Symfony\\Component\\HttpFoundation\\": ""
                },
                "classmap": [
                    "Symfony/Component/HttpFoundation/Resources/stubs"
                ]
            },
            "notification-url": "https://packagist.org/downloads/",
            "license": [
                "MIT"
            ],
            "authors": [
                {
                    "name": "Fabien Potencier",
                    "email": "fabien@symfony.com"
                },
                {
                    "name": "Symfony Community",
                    "homepage": "http://symfony.com/contributors"
                }
            ],
            "description": "Symfony HttpFoundation Component",
            "homepage": "http://symfony.com"
        }
    ],
    "packages-dev": null,
    "aliases": [

    ],
    "minimum-stability": "dev",
    "stability-flags": {
        "symfony/http-foundation": 20,
        "swiftmailer/swiftmailer": 20,
        "phpunit/phpunit": 20,
        "symfony/console": 20
    }
}
